
Microsoft Visual Studio Solution File, Format Version 12.00
# Visual Studio Version 16
VisualStudioVersion = 16.0.29709.97
MinimumVisualStudioVersion = 10.0.40219.1
Project("{FAE04EC0-301F-11D3-BF4B-00C04F79EFBC}") = "WebAPIRepositoryPattern", "WebAPIRepositoryPattern\WebAPIRepositoryPattern.csproj", "{05886077-DF49-4960-A745-9F7FF4AE3131}"
EndProject
Global
	GlobalSection(SolutionConfigurationPlatforms) = preSolution
		Debug|Any CPU = Debug|Any CPU
		Release|Any CPU = Release|Any CPU
	EndGlobalSection
	GlobalSection(ProjectConfigurationPlatforms) = postSolution
		{05886077-DF49-4960-A745-9F7FF4AE3131}.Debug|Any CPU.ActiveCfg = Debug|Any CPU
		{05886077-DF49-4960-A745-9F7FF4AE3131}.Debug|Any CPU.Build.0 = Debug|Any CPU
		{05886077-DF49-4960-A745-9F7FF4AE3131}.Release|Any CPU.ActiveCfg = Release|Any CPU
		{05886077-DF49-4960-A745-9F7FF4AE3131}.Release|Any CPU.Build.0 = Release|Any CPU
	EndGlobalSection
	GlobalSection(SolutionProperties) = preSolution
		HideSolutionNode = FALSE
	EndGlobalSection
	GlobalSection(ExtensibilityGlobals) = postSolution
		SolutionGuid = {72492EEC-F48F-4FB8-92B3-9D59A4234B42}
	EndGlobalSection
EndGlobal
